// !$*UTF8*$!
{
	archiveVersion = 1;
	classes = {
	};
	objectVersion = 46;
	objects = {

/* Begin PBXBuildFile section */
		D619AE151E53D7E200521AF5 /* fondo.swift in Sources */ = {isa = PBXBuildFile; fileRef = D619AE141E53D7E200521AF5 /* fondo.swift */; };
		D619AE171E53DDF900521AF5 /* LabelPuntaje.swift in Sources */ = {isa = PBXBuildFile; fileRef = D619AE161E53DDF900521AF5 /* LabelPuntaje.swift */; };
		D619AE191E53E40200521AF5 /* suelo.swift in Sources */ = {isa = PBXBuildFile; fileRef = D619AE181E53E40200521AF5 /* suelo.swift */; };
		D619AE1C1E53ED9E00521AF5 /* Colisiones.swift in Sources */ = {isa = PBXBuildFile; fileRef = D619AE1B1E53ED9E00521AF5 /* Colisiones.swift */; };
		D619AE1E1E53F0DC00521AF5 /* tubo.swift in Sources */ = {isa = PBXBuildFile; fileRef = D619AE1D1E53F0DC00521AF5 /* tubo.swift */; };
		D619AE211E53F5CC00521AF5 /* GameInfo.swift in Sources */ = {isa = PBXBuildFile; fileRef = D619AE201E53F5CC00521AF5 /* GameInfo.swift */; };
		D6E3C09C1E53BBF9000CD18C /* AppDelegate.swift in Sources */ = {isa = PBXBuildFile; fileRef = D6E3C09B1E53BBF9000CD18C /* AppDelegate.swift */; };
		D6E3C09E1E53BBF9000CD18C /* GameScene.sks in Resources */ = {isa = PBXBuildFile; fileRef = D6E3C09D1E53BBF9000CD18C /* GameScene.sks */; };
		D6E3C0A01E53BBF9000CD18C /* Actions.sks in Resources */ = {isa = PBXBuildFile; fileRef = D6E3C09F1E53BBF9000CD18C /* Actions.sks */; };
		D6E3C0A21E53BBF9000CD18C /* GameScene.swift in Sources */ = {isa = PBXBuildFile; fileRef = D6E3C0A11E53BBF9000CD18C /* GameScene.swift */; };
		D6E3C0A41E53BBF9000CD18C /* GameViewController.swift in Sources */ = {isa = PBXBuildFile; fileRef = D6E3C0A31E53BBF9000CD18C /* GameViewController.swift */; };
		D6E3C0A71E53BBF9000CD18C /* Main.storyboard in Resources */ = {isa = PBXBuildFile; fileRef = D6E3C0A51E53BBF9000CD18C /* Main.storyboard */; };
		D6E3C0A91E53BBF9000CD18C /* Assets.xcassets in Resources */ = {isa = PBXBuildFile; fileRef = D6E3C0A81E53BBF9000CD18C /* Assets.xcassets */; };
		D6E3C0AC1E53BBF9000CD18C /* LaunchScreen.storyboard in Resources */ = {isa = PBXBuildFile; fileRef = D6E3C0AA1E53BBF9000CD18C /* LaunchScreen.storyboard */; };
		D6E3C0B81E53BCD2000CD18C /* fly1.png in Resources */ = {isa = PBXBuildFile; fileRef = D6E3C0B31E53BCD2000CD18C /* fly1.png */; };
		D6E3C0B91E53BCD2000CD18C /* fly2.png in Resources */ = {isa = PBXBuildFile; fileRef = D6E3C0B41E53BCD2000CD18C /* fly2.png */; };
		D6E3C0BA1E53BCD2000CD18C /* fondo.png in Resources */ = {isa = PBXBuildFile; fileRef = D6E3C0B51E53BCD2000CD18C /* fondo.png */; };
		D6E3C0BB1E53BCD2000CD18C /* Tubo1.png in Resources */ = {isa = PBXBuildFile; fileRef = D6E3C0B61E53BCD2000CD18C /* Tubo1.png */; };
		D6E3C0BC1E53BCD2000CD18C /* Tubo2.png in Resources */ = {isa = PBXBuildFile; fileRef = D6E3C0B71E53BCD2000CD18C /* Tubo2.png */; };
		D6E3C0BF1E53BD8A000CD18C /* mosca.swift in Sources */ = {isa = PBXBuildFile; fileRef = D6E3C0BE1E53BD8A000CD18C /* mosca.swift */; };
/* End PBXBuildFile section */

/* Begin PBXFileReference section */
		D619AE141E53D7E200521AF5 /* fondo.swift */ = {isa = PBXFileReference; fileEncoding = 4; lastKnownFileType = sourcecode.swift; path = fondo.swift; sourceTree = "<group>"; };
		D619AE161E53DDF900521AF5 /* LabelPuntaje.swift */ = {isa = PBXFileReference; fileEncoding = 4; lastKnownFileType = sourcecode.swift; path = LabelPuntaje.swift; sourceTree = "<group>"; };
		D619AE181E53E40200521AF5 /* suelo.swift */ = {isa = PBXFileReference; fileEncoding = 4; lastKnownFileType = sourcecode.swift; path = suelo.swift; sourceTree = "<group>"; };
		D619AE1B1E53ED9E00521AF5 /* Colisiones.swift */ = {isa = PBXFileReference; fileEncoding = 4; lastKnownFileType = sourcecode.swift; path = Colisiones.swift; sourceTree = "<group>"; };
		D619AE1D1E53F0DC00521AF5 /* tubo.swift */ = {isa = PBXFileReference; fileEncoding = 4; lastKnownFileType = sourcecode.swift; path = tubo.swift; sourceTree = "<group>"; };
		D619AE201E53F5CC00521AF5 /* GameInfo.swift */ = {isa = PBXFileReference; fileEncoding = 4; lastKnownFileType = sourcecode.swift; path = GameInfo.swift; sourceTree = "<group>"; };
		D6E3C0981E53BBF9000CD18C /* moscaFly.app */ = {isa = PBXFileReference; explicitFileType = wrapper.application; includeInIndex = 0; path = moscaFly.app; sourceTree = BUILT_PRODUCTS_DIR; };
		D6E3C09B1E53BBF9000CD18C /* AppDelegate.swift */ = {isa = PBXFileReference; lastKnownFileType = sourcecode.swift; path = AppDelegate.swift; sourceTree = "<group>"; };
		D6E3C09D1E53BBF9000CD18C /* GameScene.sks */ = {isa = PBXFileReference; lastKnownFileType = file.sks; path = GameScene.sks; sourceTree = "<group>"; };
		D6E3C09F1E53BBF9000CD18C /* Actions.sks */ = {isa = PBXFileReference; lastKnownFileType = file.sks; path = Actions.sks; sourceTree = "<group>"; };
		D6E3C0A11E53BBF9000CD18C /* GameScene.swift */ = {isa = PBXFileReference; lastKnownFileType = sourcecode.swift; path = GameScene.swift; sourceTree = "<group>"; };
		D6E3C0A31E53BBF9000CD18C /* GameViewController.swift */ = {isa = PBXFileReference; lastKnownFileType = sourcecode.swift; path = GameViewController.swift; sourceTree = "<group>"; };
		D6E3C0A61E53BBF9000CD18C /* Base */ = {isa = PBXFileReference; lastKnownFileType = file.storyboard; name = Base; path = Base.lproj/Main.storyboard; sourceTree = "<group>"; };
		D6E3C0A81E53BBF9000CD18C /* Assets.xcassets */ = {isa = PBXFileReference; lastKnownFileType = folder.assetcatalog; path = Assets.xcassets; sourceTree = "<group>"; };
		D6E3C0AB1E53BBF9000CD18C /* Base */ = {isa = PBXFileReference; lastKnownFileType = file.storyboard; name = Base; path = Base.lproj/LaunchScreen.storyboard; sourceTree = "<group>"; };
		D6E3C0AD1E53BBF9000CD18C /* Info.plist */ = {isa = PBXFileReference; lastKnownFileType = text.plist.xml; path = Info.plist; sourceTree = "<group>"; };
		D6E3C0B31E53BCD2000CD18C /* fly1.png */ = {isa = PBXFileReference; lastKnownFileType = image.png; path = fly1.png; sourceTree = "<group>"; };
		D6E3C0B41E53BCD2000CD18C /* fly2.png */ = {isa = PBXFileReference; lastKnownFileType = image.png; path = fly2.png; sourceTree = "<group>"; };
		D6E3C0B51E53BCD2000CD18C /* fondo.png */ = {isa = PBXFileReference; lastKnownFileType = image.png; path = fondo.png; sourceTree = "<group>"; };
		D6E3C0B61E53BCD2000CD18C /* Tubo1.png */ = {isa = PBXFileReference; lastKnownFileType = image.png; path = Tubo1.png; sourceTree = "<group>"; };
		D6E3C0B71E53BCD2000CD18C /* Tubo2.png */ = {isa = PBXFileReference; lastKnownFileType = image.png; path = Tubo2.png; sourceTree = "<group>"; };
		D6E3C0BE1E53BD8A000CD18C /* mosca.swift */ = {isa = PBXFileReference; fileEncoding = 4; lastKnownFileType = sourcecode.swift; path = mosca.swift; sourceTree = "<group>"; };
/* End PBXFileReference section */

/* Begin PBXFrameworksBuildPhase section */
		D6E3C0951E53BBF9000CD18C /* Frameworks */ = {
			isa = PBXFrameworksBuildPhase;
			buildActionMask = 2147483647;
			files = (
			);
			runOnlyForDeploymentPostprocessing = 0;
		};
/* End PBXFrameworksBuildPhase section */

/* Begin PBXGroup section */
		D619AE1A1E53ED7D00521AF5 /* colisiones */ = {
			isa = PBXGroup;
			children = (
				D619AE1B1E53ED9E00521AF5 /* Colisiones.swift */,
			);
			name = colisiones;
			sourceTree = "<group>";
		};
		D619AE1F1E53F5B300521AF5 /* Game */ = {
			isa = PBXGroup;
			children = (
				D619AE201E53F5CC00521AF5 /* GameInfo.swift */,
			);
			name = Game;
			sourceTree = "<group>";
		};
		D6E3C08F1E53BBF9000CD18C = {
			isa = PBXGroup;
			children = (
				D6E3C09A1E53BBF9000CD18C /* moscaFly */,
				D6E3C0991E53BBF9000CD18C /* Products */,
			);
			sourceTree = "<group>";
		};
		D6E3C0991E53BBF9000CD18C /* Products */ = {
			isa = PBXGroup;
			children = (
				D6E3C0981E53BBF9000CD18C /* moscaFly.app */,
			);
			name = Products;
			sourceTree = "<group>";
		};
		D6E3C09A1E53BBF9000CD18C /* moscaFly */ = {
			isa = PBXGroup;
			children = (
				D619AE1F1E53F5B300521AF5 /* Game */,
				D619AE1A1E53ED7D00521AF5 /* colisiones */,
				D6E3C0BD1E53BD5F000CD18C /* elementos */,
				D6E3C09B1E53BBF9000CD18C /* AppDelegate.swift */,
				D6E3C09D1E53BBF9000CD18C /* GameScene.sks */,
				D6E3C09F1E53BBF9000CD18C /* Actions.sks */,
				D6E3C0A11E53BBF9000CD18C /* GameScene.swift */,
				D6E3C0A31E53BBF9000CD18C /* GameViewController.swift */,
				D6E3C0B31E53BCD2000CD18C /* fly1.png */,
				D6E3C0B41E53BCD2000CD18C /* fly2.png */,
				D6E3C0B51E53BCD2000CD18C /* fondo.png */,
				D6E3C0B61E53BCD2000CD18C /* Tubo1.png */,
				D6E3C0B71E53BCD2000CD18C /* Tubo2.png */,
				D6E3C0A51E53BBF9000CD18C /* Main.storyboard */,
				D6E3C0A81E53BBF9000CD18C /* Assets.xcassets */,
				D6E3C0AA1E53BBF9000CD18C /* LaunchScreen.storyboard */,
				D6E3C0AD1E53BBF9000CD18C /* Info.plist */,
			);
			path = moscaFly;
			sourceTree = "<group>";
		};
		D6E3C0BD1E53BD5F000CD18C /* elementos */ = {
			isa = PBXGroup;
			children = (
				D6E3C0BE1E53BD8A000CD18C /* mosca.swift */,
				D619AE141E53D7E200521AF5 /* fondo.swift */,
				D619AE161E53DDF900521AF5 /* LabelPuntaje.swift */,
				D619AE181E53E40200521AF5 /* suelo.swift */,
				D619AE1D1E53F0DC00521AF5 /* tubo.swift */,
			);
			name = elementos;
			sourceTree = "<group>";
		};
/* End PBXGroup section */

/* Begin PBXNativeTarget section */
		D6E3C0971E53BBF9000CD18C /* moscaFly */ = {
			isa = PBXNativeTarget;
			buildConfigurationList = D6E3C0B01E53BBF9000CD18C /* Build configuration list for PBXNativeTarget "moscaFly" */;
			buildPhases = (
				D6E3C0941E53BBF9000CD18C /* Sources */,
				D6E3C0951E53BBF9000CD18C /* Frameworks */,
				D6E3C0961E53BBF9000CD18C /* Resources */,
			);
			buildRules = (
			);
			dependencies = (
			);
			name = moscaFly;
			productName = moscaFly;
			productReference = D6E3C0981E53BBF9000CD18C /* moscaFly.app */;
			productType = "com.apple.product-type.application";
		};
/* End PBXNativeTarget section */

/* Begin PBXProject section */
		D6E3C0901E53BBF9000CD18C /* Project object */ = {
			isa = PBXProject;
			attributes = {
				LastSwiftUpdateCheck = 0820;
				LastUpgradeCheck = 0820;
				ORGANIZATIONNAME = Alberto;
				TargetAttributes = {
					D6E3C0971E53BBF9000CD18C = {
						CreatedOnToolsVersion = 8.2.1;
						ProvisioningStyle = Automatic;
					};
				};
			};
			buildConfigurationList = D6E3C0931E53BBF9000CD18C /* Build configuration list for PBXProject "moscaFly" */;
			compatibilityVersion = "Xcode 3.2";
			developmentRegion = English;
			hasScannedForEncodings = 0;
			knownRegions = (
				en,
				Base,
			);
			mainGroup = D6E3C08F1E53BBF9000CD18C;
			productRefGroup = D6E3C0991E53BBF9000CD18C /* Products */;
			projectDirPath = "";
			projectRoot = "";
			targets = (
				D6E3C0971E53BBF9000CD18C /* moscaFly */,
			);
		};
/* End PBXProject section */

/* Begin PBXResourcesBuildPhase section */
		D6E3C0961E53BBF9000CD18C /* Resources */ = {
			isa = PBXResourcesBuildPhase;
			buildActionMask = 2147483647;
			files = (
				D6E3C0A71E53BBF9000CD18C /* Main.storyboard in Resources */,
				D6E3C09E1E53BBF9000CD18C /* GameScene.sks in Resources */,
				D6E3C0BA1E53BCD2000CD18C /* fondo.png in Resources */,
				D6E3C0A91E53BBF9000CD18C /* Assets.xcassets in Resources */,
				D6E3C0AC1E53BBF9000CD18C /* LaunchScreen.storyboard in Resources */,
				D6E3C0A01E53BBF9000CD18C /* Actions.sks in Resources */,
				D6E3C0BB1E53BCD2000CD18C /* Tubo1.png in Resources */,
				D6E3C0B91E53BCD2000CD18C /* fly2.png in Resources */,
				D6E3C0BC1E53BCD2000CD18C /* Tubo2.png in Resources */,
				D6E3C0B81E53BCD2000CD18C /* fly1.png in Resources */,
			);
			runOnlyForDeploymentPostprocessing = 0;
		};
/* End PBXResourcesBuildPhase section */

/* Begin PBXSourcesBuildPhase section */
		D6E3C0941E53BBF9000CD18C /* Sources */ = {
			isa = PBXSourcesBuildPhase;
			buildActionMask = 2147483647;
			files = (
				D619AE191E53E40200521AF5 /* suelo.swift in Sources */,
				D619AE211E53F5CC00521AF5 /* GameInfo.swift in Sources */,
				D619AE171E53DDF900521AF5 /* LabelPuntaje.swift in Sources */,
				D6E3C0A21E53BBF9000CD18C /* GameScene.swift in Sources */,
				D619AE1C1E53ED9E00521AF5 /* Colisiones.swift in Sources */,
				D619AE1E1E53F0DC00521AF5 /* tubo.swift in Sources */,
				D6E3C0BF1E53BD8A000CD18C /* mosca.swift in Sources */,
				D6E3C0A41E53BBF9000CD18C /* GameViewController.swift in Sources */,
				D619AE151E53D7E200521AF5 /* fondo.swift in Sources */,
				D6E3C09C1E53BBF9000CD18C /* AppDelegate.swift in Sources */,
			);
			runOnlyForDeploymentPostprocessing = 0;
		};
/* End PBXSourcesBuildPhase section */

/* Begin PBXVariantGroup section */
		D6E3C0A51E53BBF9000CD18C /* Main.storyboard */ = {
			isa = PBXVariantGroup;
			children = (
				D6E3C0A61E53BBF9000CD18C /* Base */,
			);
			name = Main.storyboard;
			sourceTree = "<group>";
		};
		D6E3C0AA1E53BBF9000CD18C /* LaunchScreen.storyboard */ = {
			isa = PBXVariantGroup;
			children = (
				D6E3C0AB1E53BBF9000CD18C /* Base */,
			);
			name = LaunchScreen.storyboard;
			sourceTree = "<group>";
		};
/* End PBXVariantGroup section */

/* Begin XCBuildConfiguration section */
		D6E3C0AE1E53BBF9000CD18C /* Debug */ = {
			isa = XCBuildConfiguration;
			buildSettings = {
				ALWAYS_SEARCH_USER_PATHS = NO;
				CLANG_ANALYZER_NONNULL = YES;
				CLANG_CXX_LANGUAGE_STANDARD = "gnu++0x";
				CLANG_CXX_LIBRARY = "libc++";
				CLANG_ENABLE_MODULES = YES;
				CLANG_ENABLE_OBJC_ARC = YES;
				CLANG_WARN_BOOL_CONVERSION = YES;
				CLANG_WARN_CONSTANT_CONVERSION = YES;
				CLANG_WARN_DIRECT_OBJC_ISA_USAGE = YES_ERROR;
				CLANG_WARN_DOCUMENTATION_COMMENTS = YES;
				CLANG_WARN_EMPTY_BODY = YES;
				CLANG_WARN_ENUM_CONVERSION = YES;
				CLANG_WARN_INFINITE_RECURSION = YES;
				CLANG_WARN_INT_CONVERSION = YES;
				CLANG_WARN_OBJC_ROOT_CLASS = YES_ERROR;
				CLANG_WARN_SUSPICIOUS_MOVE = YES;
				CLANG_WARN_UNREACHABLE_CODE = YES;
				CLANG_WARN__DUPLICATE_METHOD_MATCH = YES;
				"CODE_SIGN_IDENTITY[sdk=iphoneos*]" = "iPhone Developer";
				COPY_PHASE_STRIP = NO;
				DEBUG_INFORMATION_FORMAT = dwarf;
				ENABLE_STRICT_OBJC_MSGSEND = YES;
				ENABLE_TESTABILITY = YES;
				GCC_C_LANGUAGE_STANDARD = gnu99;
				GCC_DYNAMIC_NO_PIC = NO;
				GCC_NO_COMMON_BLOCKS = YES;
				GCC_OPTIMIZATION_LEVEL = 0;
				GCC_PREPROCESSOR_DEFINITIONS = (
					"DEBUG=1",
					"$(inherited)",
				);
				GCC_WARN_64_TO_32_BIT_CONVERSION = YES;
				GCC_WARN_ABOUT_RETURN_TYPE = YES_ERROR;
				GCC_WARN_UNDECLARED_SELECTOR = YES;
				GCC_WARN_UNINITIALIZED_AUTOS = YES_AGGRESSIVE;
				GCC_WARN_UNUSED_FUNCTION = YES;
				GCC_WARN_UNUSED_VARIABLE = YES;
				IPHONEOS_DEPLOYMENT_TARGET = 10.2;
				MTL_ENABLE_DEBUG_INFO = YES;
				ONLY_ACTIVE_ARCH = YES;
				SDKROOT = iphoneos;
				SWIFT_ACTIVE_COMPILATION_CONDITIONS = DEBUG;
				SWIFT_OPTIMIZATION_LEVEL = "-Onone";
			};
			name = Debug;
		};
		D6E3C0AF1E53BBF9000CD18C /* Release */ = {
			isa = XCBuildConfiguration;
			buildSettings = {
				ALWAYS_SEARCH_USER_PATHS = NO;
				CLANG_ANALYZER_NONNULL = YES;
				CLANG_CXX_LANGUAGE_STANDARD = "gnu++0x";
				CLANG_CXX_LIBRARY = "libc++";
				CLANG_ENABLE_MODULES = YES;
				CLANG_ENABLE_OBJC_ARC = YES;
				CLANG_WARN_BOOL_CONVERSION = YES;
				CLANG_WARN_CONSTANT_CONVERSION = YES;
				CLANG_WARN_DIRECT_OBJC_ISA_USAGE = YES_ERROR;
				CLANG_WARN_DOCUMENTATION_COMMENTS = YES;
				CLANG_WARN_EMPTY_BODY = YES;
				CLANG_WARN_ENUM_CONVERSION = YES;
				CLANG_WARN_INFINITE_RECURSION = YES;
				CLANG_WARN_INT_CONVERSION = YES;
				CLANG_WARN_OBJC_ROOT_CLASS = YES_ERROR;
				CLANG_WARN_SUSPICIOUS_MOVE = YES;
				CLANG_WARN_UNREACHABLE_CODE = YES;
				CLANG_WARN__DUPLICATE_METHOD_MATCH = YES;
				"CODE_SIGN_IDENTITY[sdk=iphoneos*]" = "iPhone Developer";
				COPY_PHASE_STRIP = NO;
				DEBUG_INFORMATION_FORMAT = "dwarf-with-dsym";
				ENABLE_NS_ASSERTIONS = NO;
				ENABLE_STRICT_OBJC_MSGSEND = YES;
				GCC_C_LANGUAGE_STANDARD = gnu99;
				GCC_NO_COMMON_BLOCKS = YES;
				GCC_WARN_64_TO_32_BIT_CONVERSION = YES;
				GCC_WARN_ABOUT_RETURN_TYPE = YES_ERROR;
				GCC_WARN_UNDECLARED_SELECTOR = YES;
				GCC_WARN_UNINITIALIZED_AUTOS = YES_AGGRESSIVE;
				GCC_WARN_UNUSED_FUNCTION = YES;
				GCC_WARN_UNUSED_VARIABLE = YES;
				IPHONEOS_DEPLOYMENT_TARGET = 10.2;
				MTL_ENABLE_DEBUG_INFO = NO;
				SDKROOT = iphoneos;
				SWIFT_OPTIMIZATION_LEVEL = "-Owholemodule";
				VALIDATE_PRODUCT = YES;
			};
			name = Release;
		};
		D6E3C0B11E53BBF9000CD18C /* Debug */ = {
			isa = XCBuildConfiguration;
			buildSettings = {
				ASSETCATALOG_COMPILER_APPICON_NAME = AppIcon;
				INFOPLIST_FILE = moscaFly/Info.plist;
				LD_RUNPATH_SEARCH_PATHS = "$(inherited) @executable_path/Frameworks";
				PRODUCT_BUNDLE_IDENTIFIER = com.allberto.moscaFly;
				PRODUCT_NAME = "$(TARGET_NAME)";
				SWIFT_VERSION = 3.0;
			};
			name = Debug;
		};
		D6E3C0B21E53BBF9000CD18C /* Release */ = {
			isa = XCBuildConfiguration;
			buildSettings = {
				ASSETCATALOG_COMPILER_APPICON_NAME = AppIcon;
				INFOPLIST_FILE = moscaFly/Info.plist;
				LD_RUNPATH_SEARCH_PATHS = "$(inherited) @executable_path/Frameworks";
				PRODUCT_BUNDLE_IDENTIFIER = com.allberto.moscaFly;
				PRODUCT_NAME = "$(TARGET_NAME)";
				SWIFT_VERSION = 3.0;
			};
			name = Release;
		};
/* End XCBuildConfiguration section */

/* Begin XCConfigurationList section */
		D6E3C0931E53BBF9000CD18C /* Build configuration list for PBXProject "moscaFly" */ = {
			isa = XCConfigurationList;
			buildConfigurations = (
				D6E3C0AE1E53BBF9000CD18C /* Debug */,
				D6E3C0AF1E53BBF9000CD18C /* Release */,
			);
			defaultConfigurationIsVisible = 0;
			defaultConfigurationName = Release;
		};
		D6E3C0B01E53BBF9000CD18C /* Build configuration list for PBXNativeTarget "moscaFly" */ = {
			isa = XCConfigurationList;
			buildConfigurations = (
				D6E3C0B11E53BBF9000CD18C /* Debug */,
				D6E3C0B21E53BBF9000CD18C /* Release */,
			);
			defaultConfigurationIsVisible = 0;
			defaultConfigurationName = Release;
		};
/* End XCConfigurationList section */
	};
	rootObject = D6E3C0901E53BBF9000CD18C /* Project object */;
}
